
Microsoft Visual Studio Solution File, Format Version 12.00
# Visual Studio Version 16
VisualStudioVersion = 16.0.31424.327
MinimumVisualStudioVersion = 10.0.40219.1
Project("{FAE04EC0-301F-11D3-BF4B-00C04F79EFBC}") = "ConsoleApp1", "ConsoleApp1\ConsoleApp1.csproj", "{880A3A08-2C09-42D3-82D1-381CEF56C05B}"
EndProject
Global
	GlobalSection(SolutionConfigurationPlatforms) = preSolution
		Debug|Any CPU = Debug|Any CPU
		Release|Any CPU = Release|Any CPU
	EndGlobalSection
	GlobalSection(ProjectConfigurationPlatforms) = postSolution
		{880A3A08-2C09-42D3-82D1-381CEF56C05B}.Debug|Any CPU.ActiveCfg = Debug|Any CPU
		{880A3A08-2C09-42D3-82D1-381CEF56C05B}.Debug|Any CPU.Build.0 = Debug|Any CPU
		{880A3A08-2C09-42D3-82D1-381CEF56C05B}.Release|Any CPU.ActiveCfg = Release|Any CPU
		{880A3A08-2C09-42D3-82D1-381CEF56C05B}.Release|Any CPU.Build.0 = Release|Any CPU
	EndGlobalSection
	GlobalSection(SolutionProperties) = preSolution
		HideSolutionNode = FALSE
	EndGlobalSection
	GlobalSection(ExtensibilityGlobals) = postSolution
		SolutionGuid = {46F22D95-D38B-4ACB-8EAA-C14ED6830D3E}
	EndGlobalSection
EndGlobal
